PODS:
  - PKHUD (4.2.3)
  - RxCocoa (3.6.1):
    - RxSwift (~> 3.6)
  - RxSwift (3.6.1)

DEPENDENCIES:
  - PKHUD (~> 4.0)
  - RxCocoa (~> 3.0)
  - RxSwift (~> 3.0)

SPEC CHECKSUMS:
  PKHUD: c7692163a09875cbf15827dc581df3c5cf7f1015
  RxCocoa: 84a08739ab186248c7f31ce4ee92d6f8a947d690
  RxSwift: f9de85ea20cd2f7716ee5409fc13523dc638e4e4

PODFILE CHECKSUM: ae3478891ca47a524d757b06cb65f920a3f809ee

COCOAPODS: 1.2.1
